
Microsoft Visual Studio Solution File, Format Version 12.00
# Visual Studio Version 17
VisualStudioVersion = 17.13.35818.85 d17.13
MinimumVisualStudioVersion = 10.0.40219.1
Project("{FAE04EC0-301F-11D3-BF4B-00C04F79EFBC}") = "WebServerApp", "WebServerApp\WebServerApp.csproj", "{C0BB3F6C-13E4-4522-86C3-CE4CC9E22534}"
EndProject
Project("{FAE04EC0-301F-11D3-BF4B-00C04F79EFBC}") = "Server", "Server\Server.csproj", "{FFCCA8EC-F2EF-4D47-A8CD-CFF4214C5469}"
EndProject
Global
	GlobalSection(SolutionConfigurationPlatforms) = preSolution
		Debug|Any CPU = Debug|Any CPU
		Release|Any CPU = Release|Any CPU
	EndGlobalSection
	GlobalSection(ProjectConfigurationPlatforms) = postSolution
		{C0BB3F6C-13E4-4522-86C3-CE4CC9E22534}.Debug|Any CPU.ActiveCfg = Debug|Any CPU
		{C0BB3F6C-13E4-4522-86C3-CE4CC9E22534}.Debug|Any CPU.Build.0 = Debug|Any CPU
		{C0BB3F6C-13E4-4522-86C3-CE4CC9E22534}.Release|Any CPU.ActiveCfg = Release|Any CPU
		{C0BB3F6C-13E4-4522-86C3-CE4CC9E22534}.Release|Any CPU.Build.0 = Release|Any CPU
		{FFCCA8EC-F2EF-4D47-A8CD-CFF4214C5469}.Debug|Any CPU.ActiveCfg = Debug|Any CPU
		{FFCCA8EC-F2EF-4D47-A8CD-CFF4214C5469}.Debug|Any CPU.Build.0 = Debug|Any CPU
		{FFCCA8EC-F2EF-4D47-A8CD-CFF4214C5469}.Release|Any CPU.ActiveCfg = Release|Any CPU
		{FFCCA8EC-F2EF-4D47-A8CD-CFF4214C5469}.Release|Any CPU.Build.0 = Release|Any CPU
	EndGlobalSection
	GlobalSection(SolutionProperties) = preSolution
		HideSolutionNode = FALSE
	EndGlobalSection
	GlobalSection(ExtensibilityGlobals) = postSolution
		SolutionGuid = {67D10C25-F209-4760-BCB8-33B264B385EF}
	EndGlobalSection
EndGlobal
